
Microsoft Visual Studio Solution File, Format Version 12.00
# Visual Studio Version 17
VisualStudioVersion = 17.7.34202.233
MinimumVisualStudioVersion = 10.0.40219.1
Project("{FAE04EC0-301F-11D3-BF4B-00C04F79EFBC}") = "Practica 2 U3 2", "Practica 2 U3 2\Practica 2 U3 2.csproj", "{6257E70D-52EF-40ED-96D5-942500B7ABA2}"
EndProject
Global
	GlobalSection(SolutionConfigurationPlatforms) = preSolution
		Debug|Any CPU = Debug|Any CPU
		Release|Any CPU = Release|Any CPU
	EndGlobalSection
	GlobalSection(ProjectConfigurationPlatforms) = postSolution
		{6257E70D-52EF-40ED-96D5-942500B7ABA2}.Debug|Any CPU.ActiveCfg = Debug|Any CPU
		{6257E70D-52EF-40ED-96D5-942500B7ABA2}.Debug|Any CPU.Build.0 = Debug|Any CPU
		{6257E70D-52EF-40ED-96D5-942500B7ABA2}.Release|Any CPU.ActiveCfg = Release|Any CPU
		{6257E70D-52EF-40ED-96D5-942500B7ABA2}.Release|Any CPU.Build.0 = Release|Any CPU
	EndGlobalSection
	GlobalSection(SolutionProperties) = preSolution
		HideSolutionNode = FALSE
	EndGlobalSection
	GlobalSection(ExtensibilityGlobals) = postSolution
		SolutionGuid = {29FD8EEC-6BBC-49F1-86DB-2DE46543B787}
	EndGlobalSection
EndGlobal
